
Microsoft Visual Studio Solution File, Format Version 12.00
# Visual Studio Version 16
VisualStudioVersion = 16.0.31410.357
MinimumVisualStudioVersion = 10.0.40219.1
Project("{9A19103F-16F7-4668-BE54-9A1E7A4F7556}") = "DefaultWebAPI", "DefaultWebAPI\DefaultWebAPI.csproj", "{DE3C5307-2BB1-419B-862B-2B4FF23C8960}"
EndProject
Project("{FAE04EC0-301F-11D3-BF4B-00C04F79EFBC}") = "DefaultWebAPI.Application", "DefaultWebAPI.Application\DefaultWebAPI.Application.csproj", "{95A6DFDA-C456-4FF3-8932-16F45948A0E5}"
EndProject
Global
	GlobalSection(SolutionConfigurationPlatforms) = preSolution
		Debug|Any CPU = Debug|Any CPU
		Release|Any CPU = Release|Any CPU
	EndGlobalSection
	GlobalSection(ProjectConfigurationPlatforms) = postSolution
		{DE3C5307-2BB1-419B-862B-2B4FF23C8960}.Debug|Any CPU.ActiveCfg = Debug|Any CPU
		{DE3C5307-2BB1-419B-862B-2B4FF23C8960}.Debug|Any CPU.Build.0 = Debug|Any CPU
		{DE3C5307-2BB1-419B-862B-2B4FF23C8960}.Release|Any CPU.ActiveCfg = Release|Any CPU
		{DE3C5307-2BB1-419B-862B-2B4FF23C8960}.Release|Any CPU.Build.0 = Release|Any CPU
		{95A6DFDA-C456-4FF3-8932-16F45948A0E5}.Debug|Any CPU.ActiveCfg = Debug|Any CPU
		{95A6DFDA-C456-4FF3-8932-16F45948A0E5}.Debug|Any CPU.Build.0 = Debug|Any CPU
		{95A6DFDA-C456-4FF3-8932-16F45948A0E5}.Release|Any CPU.ActiveCfg = Release|Any CPU
		{95A6DFDA-C456-4FF3-8932-16F45948A0E5}.Release|Any CPU.Build.0 = Release|Any CPU
	EndGlobalSection
	GlobalSection(SolutionProperties) = preSolution
		HideSolutionNode = FALSE
	EndGlobalSection
	GlobalSection(ExtensibilityGlobals) = postSolution
		SolutionGuid = {95795795-27A7-4881-A8C7-8C5EEFF8F6CA}
	EndGlobalSection
EndGlobal
