
Microsoft Visual Studio Solution File, Format Version 12.00
# Visual Studio Version 16
VisualStudioVersion = 16.0.30114.105
MinimumVisualStudioVersion = 10.0.40219.1
Project("{9A19103F-16F7-4668-BE54-9A1E7A4F7556}") = "ClickCounter.Api", "src\api\ClickCounter.Api.csproj", "{3553F36A-150F-413B-81B7-94D4B09EEA98}"
EndProject
Project("{9A19103F-16F7-4668-BE54-9A1E7A4F7556}") = "ClickCounter.Domain", "src\domain\ClickCounter.Domain.csproj", "{1FCD3826-1EBF-4578-9774-1BAB87B5415A}"
EndProject
Project("{9A19103F-16F7-4668-BE54-9A1E7A4F7556}") = "ClickCounter.Application", "src\application\ClickCounter.Application.csproj", "{DED3B712-F3E8-4F53-BFBE-77191FA8A837}"
EndProject
Project("{9A19103F-16F7-4668-BE54-9A1E7A4F7556}") = "ClickCounter.Infrastructure", "src\infrastructure\ClickCounter.Infrastructure.csproj", "{D576078D-5B18-4B2B-A460-AA9DEAC82551}"
EndProject
Project("{9A19103F-16F7-4668-BE54-9A1E7A4F7556}") = "ClickCounter.Test", "test\ClickCounter.Test.csproj", "{54E5D12E-68EF-4BF7-9684-346C89E84B42}"
EndProject
Global
	GlobalSection(SolutionConfigurationPlatforms) = preSolution
		Debug|Any CPU = Debug|Any CPU
		Debug|x64 = Debug|x64
		Debug|x86 = Debug|x86
		Release|Any CPU = Release|Any CPU
		Release|x64 = Release|x64
		Release|x86 = Release|x86
	EndGlobalSection
	GlobalSection(ProjectConfigurationPlatforms) = postSolution
		{3553F36A-150F-413B-81B7-94D4B09EEA98}.Debug|Any CPU.ActiveCfg = Debug|Any CPU
		{3553F36A-150F-413B-81B7-94D4B09EEA98}.Debug|Any CPU.Build.0 = Debug|Any CPU
		{3553F36A-150F-413B-81B7-94D4B09EEA98}.Debug|x64.ActiveCfg = Debug|Any CPU
		{3553F36A-150F-413B-81B7-94D4B09EEA98}.Debug|x64.Build.0 = Debug|Any CPU
		{3553F36A-150F-413B-81B7-94D4B09EEA98}.Debug|x86.ActiveCfg = Debug|Any CPU
		{3553F36A-150F-413B-81B7-94D4B09EEA98}.Debug|x86.Build.0 = Debug|Any CPU
		{3553F36A-150F-413B-81B7-94D4B09EEA98}.Release|Any CPU.ActiveCfg = Release|Any CPU
		{3553F36A-150F-413B-81B7-94D4B09EEA98}.Release|Any CPU.Build.0 = Release|Any CPU
		{3553F36A-150F-413B-81B7-94D4B09EEA98}.Release|x64.ActiveCfg = Release|Any CPU
		{3553F36A-150F-413B-81B7-94D4B09EEA98}.Release|x64.Build.0 = Release|Any CPU
		{3553F36A-150F-413B-81B7-94D4B09EEA98}.Release|x86.ActiveCfg = Release|Any CPU
		{3553F36A-150F-413B-81B7-94D4B09EEA98}.Release|x86.Build.0 = Release|Any CPU
		{1FCD3826-1EBF-4578-9774-1BAB87B5415A}.Debug|Any CPU.ActiveCfg = Debug|Any CPU
		{1FCD3826-1EBF-4578-9774-1BAB87B5415A}.Debug|Any CPU.Build.0 = Debug|Any CPU
		{1FCD3826-1EBF-4578-9774-1BAB87B5415A}.Debug|x64.ActiveCfg = Debug|Any CPU
		{1FCD3826-1EBF-4578-9774-1BAB87B5415A}.Debug|x64.Build.0 = Debug|Any CPU
		{1FCD3826-1EBF-4578-9774-1BAB87B5415A}.Debug|x86.ActiveCfg = Debug|Any CPU
		{1FCD3826-1EBF-4578-9774-1BAB87B5415A}.Debug|x86.Build.0 = Debug|Any CPU
		{1FCD3826-1EBF-4578-9774-1BAB87B5415A}.Release|Any CPU.ActiveCfg = Release|Any CPU
		{1FCD3826-1EBF-4578-9774-1BAB87B5415A}.Release|Any CPU.Build.0 = Release|Any CPU
		{1FCD3826-1EBF-4578-9774-1BAB87B5415A}.Release|x64.ActiveCfg = Release|Any CPU
		{1FCD3826-1EBF-4578-9774-1BAB87B5415A}.Release|x64.Build.0 = Release|Any CPU
		{1FCD3826-1EBF-4578-9774-1BAB87B5415A}.Release|x86.ActiveCfg = Release|Any CPU
		{1FCD3826-1EBF-4578-9774-1BAB87B5415A}.Release|x86.Build.0 = Release|Any CPU
		{DED3B712-F3E8-4F53-BFBE-77191FA8A837}.Debug|Any CPU.ActiveCfg = Debug|Any CPU
		{DED3B712-F3E8-4F53-BFBE-77191FA8A837}.Debug|Any CPU.Build.0 = Debug|Any CPU
		{DED3B712-F3E8-4F53-BFBE-77191FA8A837}.Debug|x64.ActiveCfg = Debug|Any CPU
		{DED3B712-F3E8-4F53-BFBE-77191FA8A837}.Debug|x64.Build.0 = Debug|Any CPU
		{DED3B712-F3E8-4F53-BFBE-77191FA8A837}.Debug|x86.ActiveCfg = Debug|Any CPU
		{DED3B712-F3E8-4F53-BFBE-77191FA8A837}.Debug|x86.Build.0 = Debug|Any CPU
		{DED3B712-F3E8-4F53-BFBE-77191FA8A837}.Release|Any CPU.ActiveCfg = Release|Any CPU
		{DED3B712-F3E8-4F53-BFBE-77191FA8A837}.Release|Any CPU.Build.0 = Release|Any CPU
		{DED3B712-F3E8-4F53-BFBE-77191FA8A837}.Release|x64.ActiveCfg = Release|Any CPU
		{DED3B712-F3E8-4F53-BFBE-77191FA8A837}.Release|x64.Build.0 = Release|Any CPU
		{DED3B712-F3E8-4F53-BFBE-77191FA8A837}.Release|x86.ActiveCfg = Release|Any CPU
		{DED3B712-F3E8-4F53-BFBE-77191FA8A837}.Release|x86.Build.0 = Release|Any CPU
		{D576078D-5B18-4B2B-A460-AA9DEAC82551}.Debug|Any CPU.ActiveCfg = Debug|Any CPU
		{D576078D-5B18-4B2B-A460-AA9DEAC82551}.Debug|Any CPU.Build.0 = Debug|Any CPU
		{D576078D-5B18-4B2B-A460-AA9DEAC82551}.Debug|x64.ActiveCfg = Debug|Any CPU
		{D576078D-5B18-4B2B-A460-AA9DEAC82551}.Debug|x64.Build.0 = Debug|Any CPU
		{D576078D-5B18-4B2B-A460-AA9DEAC82551}.Debug|x86.ActiveCfg = Debug|Any CPU
		{D576078D-5B18-4B2B-A460-AA9DEAC82551}.Debug|x86.Build.0 = Debug|Any CPU
		{D576078D-5B18-4B2B-A460-AA9DEAC82551}.Release|Any CPU.ActiveCfg = Release|Any CPU
		{D576078D-5B18-4B2B-A460-AA9DEAC82551}.Release|Any CPU.Build.0 = Release|Any CPU
		{D576078D-5B18-4B2B-A460-AA9DEAC82551}.Release|x64.ActiveCfg = Release|Any CPU
		{D576078D-5B18-4B2B-A460-AA9DEAC82551}.Release|x64.Build.0 = Release|Any CPU
		{D576078D-5B18-4B2B-A460-AA9DEAC82551}.Release|x86.ActiveCfg = Release|Any CPU
		{D576078D-5B18-4B2B-A460-AA9DEAC82551}.Release|x86.Build.0 = Release|Any CPU
		{54E5D12E-68EF-4BF7-9684-346C89E84B42}.Debug|Any CPU.ActiveCfg = Debug|Any CPU
		{54E5D12E-68EF-4BF7-9684-346C89E84B42}.Debug|Any CPU.Build.0 = Debug|Any CPU
		{54E5D12E-68EF-4BF7-9684-346C89E84B42}.Debug|x64.ActiveCfg = Debug|Any CPU
		{54E5D12E-68EF-4BF7-9684-346C89E84B42}.Debug|x64.Build.0 = Debug|Any CPU
		{54E5D12E-68EF-4BF7-9684-346C89E84B42}.Debug|x86.ActiveCfg = Debug|Any CPU
		{54E5D12E-68EF-4BF7-9684-346C89E84B42}.Debug|x86.Build.0 = Debug|Any CPU
		{54E5D12E-68EF-4BF7-9684-346C89E84B42}.Release|Any CPU.ActiveCfg = Release|Any CPU
		{54E5D12E-68EF-4BF7-9684-346C89E84B42}.Release|Any CPU.Build.0 = Release|Any CPU
		{54E5D12E-68EF-4BF7-9684-346C89E84B42}.Release|x64.ActiveCfg = Release|Any CPU
		{54E5D12E-68EF-4BF7-9684-346C89E84B42}.Release|x64.Build.0 = Release|Any CPU
		{54E5D12E-68EF-4BF7-9684-346C89E84B42}.Release|x86.ActiveCfg = Release|Any CPU
		{54E5D12E-68EF-4BF7-9684-346C89E84B42}.Release|x86.Build.0 = Release|Any CPU
	EndGlobalSection
	GlobalSection(SolutionProperties) = preSolution
		HideSolutionNode = FALSE
	EndGlobalSection
	GlobalSection(ExtensibilityGlobals) = postSolution
		SolutionGuid = {D0EEE0DE-5A60-4D44-8919-CDC2F501D1EA}
	EndGlobalSection
EndGlobal
